// !$*UTF8*$!
{
	archiveVersion = 1;
	classes = {
	};
	objectVersion = 48;
	objects = {

/* Begin PBXBuildFile section */
		31E020511FF3F41100EDF57D /* AppDelegate.swift in Sources */ = {isa = PBXBuildFile; fileRef = 31E020501FF3F41100EDF57D /* AppDelegate.swift */; };
		31E020531FF3F41100EDF57D /* WeatherVC.swift in Sources */ = {isa = PBXBuildFile; fileRef = 31E020521FF3F41100EDF57D /* WeatherVC.swift */; };
		31E020561FF3F41100EDF57D /* Main.storyboard in Resources */ = {isa = PBXBuildFile; fileRef = 31E020541FF3F41100EDF57D /* Main.storyboard */; };
		31E020581FF3F41100EDF57D /* Assets.xcassets in Resources */ = {isa = PBXBuildFile; fileRef = 31E020571FF3F41100EDF57D /* Assets.xcassets */; };
		31E0205B1FF3F41100EDF57D /* LaunchScreen.storyboard in Resources */ = {isa = PBXBuildFile; fileRef = 31E020591FF3F41100EDF57D /* LaunchScreen.storyboard */; };
		A3B1BB74FA33F336F975BFEA /* Pods_TheClima.framework in Frameworks */ = {isa = PBXBuildFile; fileRef = 952436E4CE8B91393F313F84 /* Pods_TheClima.framework */; };
/* End PBXBuildFile section */

/* Begin PBXFileReference section */
		31E0204D1FF3F41100EDF57D /* TheClima.app */ = {isa = PBXFileReference; explicitFileType = wrapper.application; includeInIndex = 0; path = TheClima.app; sourceTree = BUILT_PRODUCTS_DIR; };
		31E020501FF3F41100EDF57D /* AppDelegate.swift */ = {isa = PBXFileReference; lastKnownFileType = sourcecode.swift; path = AppDelegate.swift; sourceTree = "<group>"; };
		31E020521FF3F41100EDF57D /* WeatherVC.swift */ = {isa = PBXFileReference; lastKnownFileType = sourcecode.swift; path = WeatherVC.swift; sourceTree = "<group>"; };
		31E020551FF3F41100EDF57D /* Base */ = {isa = PBXFileReference; lastKnownFileType = file.storyboard; name = Base; path = Base.lproj/Main.storyboard; sourceTree = "<group>"; };
		31E020571FF3F41100EDF57D /* Assets.xcassets */ = {isa = PBXFileReference; lastKnownFileType = folder.assetcatalog; path = Assets.xcassets; sourceTree = "<group>"; };
		31E0205A1FF3F41100EDF57D /* Base */ = {isa = PBXFileReference; lastKnownFileType = file.storyboard; name = Base; path = Base.lproj/LaunchScreen.storyboard; sourceTree = "<group>"; };
		31E0205C1FF3F41100EDF57D /* Info.plist */ = {isa = PBXFileReference; lastKnownFileType = text.plist.xml; path = Info.plist; sourceTree = "<group>"; };
		6FECD21D8B8D99507A64AC12 /* Pods-TheClima.debug.xcconfig */ = {isa = PBXFileReference; includeInIndex = 1; lastKnownFileType = text.xcconfig; name = "Pods-TheClima.debug.xcconfig"; path = "Pods/Target Support Files/Pods-TheClima/Pods-TheClima.debug.xcconfig"; sourceTree = "<group>"; };
		952436E4CE8B91393F313F84 /* Pods_TheClima.framework */ = {isa = PBXFileReference; explicitFileType = wrapper.framework; includeInIndex = 0; path = Pods_TheClima.framework; sourceTree = BUILT_PRODUCTS_DIR; };
		BAC8A1CE4C92DBF096859090 /* Pods-TheClima.release.xcconfig */ = {isa = PBXFileReference; includeInIndex = 1; lastKnownFileType = text.xcconfig; name = "Pods-TheClima.release.xcconfig"; path = "Pods/Target Support Files/Pods-TheClima/Pods-TheClima.release.xcconfig"; sourceTree = "<group>"; };
/* End PBXFileReference section */

/* Begin PBXFrameworksBuildPhase section */
		31E0204A1FF3F41100EDF57D /* Frameworks */ = {
			isa = PBXFrameworksBuildPhase;
			buildActionMask = 2147483647;
			files = (
				A3B1BB74FA33F336F975BFEA /* Pods_TheClima.framework in Frameworks */,
			);
			runOnlyForDeploymentPostprocessing = 0;
		};
/* End PBXFrameworksBuildPhase section */

/* Begin PBXGroup section */
		319DEFD41FF3FA8C0095A99E /* View */ = {
			isa = PBXGroup;
			children = (
				31E020541FF3F41100EDF57D /* Main.storyboard */,
			);
			path = View;
			sourceTree = "<group>";
		};
		319DEFD51FF3FAA40095A99E /* Model */ = {
			isa = PBXGroup;
			children = (
			);
			path = Model;
			sourceTree = "<group>";
		};
		319DEFD61FF3FAB30095A99E /* Controller */ = {
			isa = PBXGroup;
			children = (
				31E020501FF3F41100EDF57D /* AppDelegate.swift */,
				31E020521FF3F41100EDF57D /* WeatherVC.swift */,
			);
			path = Controller;
			sourceTree = "<group>";
		};
		31E020441FF3F41100EDF57D = {
			isa = PBXGroup;
			children = (
				31E0204F1FF3F41100EDF57D /* TheClima */,
				31E0204E1FF3F41100EDF57D /* Products */,
				E29DC84BD86E0E36CCB46726 /* Pods */,
				AEBB5433C6F82517153B5C8E /* Frameworks */,
			);
			sourceTree = "<group>";
		};
		31E0204E1FF3F41100EDF57D /* Products */ = {
			isa = PBXGroup;
			children = (
				31E0204D1FF3F41100EDF57D /* TheClima.app */,
			);
			name = Products;
			sourceTree = "<group>";
		};
		31E0204F1FF3F41100EDF57D /* TheClima */ = {
			isa = PBXGroup;
			children = (
				319DEFD61FF3FAB30095A99E /* Controller */,
				319DEFD51FF3FAA40095A99E /* Model */,
				319DEFD41FF3FA8C0095A99E /* View */,
				31E020571FF3F41100EDF57D /* Assets.xcassets */,
				31E020591FF3F41100EDF57D /* LaunchScreen.storyboard */,
				31E0205C1FF3F41100EDF57D /* Info.plist */,
			);
			path = TheClima;
			sourceTree = "<group>";
		};
		AEBB5433C6F82517153B5C8E /* Frameworks */ = {
			isa = PBXGroup;
			children = (
				952436E4CE8B91393F313F84 /* Pods_TheClima.framework */,
			);
			name = Frameworks;
			sourceTree = "<group>";
		};
		E29DC84BD86E0E36CCB46726 /* Pods */ = {
			isa = PBXGroup;
			children = (
				6FECD21D8B8D99507A64AC12 /* Pods-TheClima.debug.xcconfig */,
				BAC8A1CE4C92DBF096859090 /* Pods-TheClima.release.xcconfig */,
			);
			name = Pods;
			sourceTree = "<group>";
		};
/* End PBXGroup section */

/* Begin PBXNativeTarget section */
		31E0204C1FF3F41100EDF57D /* TheClima */ = {
			isa = PBXNativeTarget;
			buildConfigurationList = 31E0205F1FF3F41100EDF57D /* Build configuration list for PBXNativeTarget "TheClima" */;
			buildPhases = (
				0E85037F647914627FBB68B2 /* [CP] Check Pods Manifest.lock */,
				31E020491FF3F41100EDF57D /* Sources */,
				31E0204A1FF3F41100EDF57D /* Frameworks */,
				31E0204B1FF3F41100EDF57D /* Resources */,
				C97FE51E35EB4155AC1F3C70 /* [CP] Embed Pods Frameworks */,
				17830FE72666104AB9E1CCF6 /* [CP] Copy Pods Resources */,
			);
			buildRules = (
			);
			dependencies = (
			);
			name = TheClima;
			productName = TheClima;
			productReference = 31E0204D1FF3F41100EDF57D /* TheClima.app */;
			productType = "com.apple.product-type.application";
		};
/* End PBXNativeTarget section */

/* Begin PBXProject section */
		31E020451FF3F41100EDF57D /* Project object */ = {
			isa = PBXProject;
			attributes = {
				LastSwiftUpdateCheck = 0920;
				LastUpgradeCheck = 0920;
				ORGANIZATIONNAME = "Gerson Costa";
				TargetAttributes = {
					31E0204C1FF3F41100EDF57D = {
						CreatedOnToolsVersion = 9.2;
						ProvisioningStyle = Automatic;
					};
				};
			};
			buildConfigurationList = 31E020481FF3F41100EDF57D /* Build configuration list for PBXProject "TheClima" */;
			compatibilityVersion = "Xcode 8.0";
			developmentRegion = en;
			hasScannedForEncodings = 0;
			knownRegions = (
				en,
				Base,
			);
			mainGroup = 31E020441FF3F41100EDF57D;
			productRefGroup = 31E0204E1FF3F41100EDF57D /* Products */;
			projectDirPath = "";
			projectRoot = "";
			targets = (
				31E0204C1FF3F41100EDF57D /* TheClima */,
			);
		};
/* End PBXProject section */

/* Begin PBXResourcesBuildPhase section */
		31E0204B1FF3F41100EDF57D /* Resources */ = {
			isa = PBXResourcesBuildPhase;
			buildActionMask = 2147483647;
			files = (
				31E0205B1FF3F41100EDF57D /* LaunchScreen.storyboard in Resources */,
				31E020581FF3F41100EDF57D /* Assets.xcassets in Resources */,
				31E020561FF3F41100EDF57D /* Main.storyboard in Resources */,
			);
			runOnlyForDeploymentPostprocessing = 0;
		};
/* End PBXResourcesBuildPhase section */

/* Begin PBXShellScriptBuildPhase section */
		0E85037F647914627FBB68B2 /* [CP] Check Pods Manifest.lock */ = {
			isa = PBXShellScriptBuildPhase;
			buildActionMask = 2147483647;
			files = (
			);
			inputPaths = (
				"${PODS_PODFILE_DIR_PATH}/Podfile.lock",
				"${PODS_ROOT}/Manifest.lock",
			);
			name = "[CP] Check Pods Manifest.lock";
			outputPaths = (
				"$(DERIVED_FILE_DIR)/Pods-TheClima-checkManifestLockResult.txt",
			);
			runOnlyForDeploymentPostprocessing = 0;
			shellPath = /bin/sh;
			shellScript = "diff \"${PODS_PODFILE_DIR_PATH}/Podfile.lock\" \"${PODS_ROOT}/Manifest.lock\" > /dev/null\nif [ $? != 0 ] ; then\n    # print error to STDERR\n    echo \"error: The sandbox is not in sync with the Podfile.lock. Run 'pod install' or update your CocoaPods installation.\" >&2\n    exit 1\nfi\n# This output is used by Xcode 'outputs' to avoid re-running this script phase.\necho \"SUCCESS\" > \"${SCRIPT_OUTPUT_FILE_0}\"\n";
			showEnvVarsInLog = 0;
		};
		17830FE72666104AB9E1CCF6 /* [CP] Copy Pods Resources */ = {
			isa = PBXShellScriptBuildPhase;
			buildActionMask = 2147483647;
			files = (
			);
			inputPaths = (
			);
			name = "[CP] Copy Pods Resources";
			outputPaths = (
			);
			runOnlyForDeploymentPostprocessing = 0;
			shellPath = /bin/sh;
			shellScript = "\"${SRCROOT}/Pods/Target Support Files/Pods-TheClima/Pods-TheClima-resources.sh\"\n";
			showEnvVarsInLog = 0;
		};
		C97FE51E35EB4155AC1F3C70 /* [CP] Embed Pods Frameworks */ = {
			isa = PBXShellScriptBuildPhase;
			buildActionMask = 2147483647;
			files = (
			);
			inputPaths = (
				"${SRCROOT}/Pods/Target Support Files/Pods-TheClima/Pods-TheClima-frameworks.sh",
				"${BUILT_PRODUCTS_DIR}/Alamofire/Alamofire.framework",
				"${BUILT_PRODUCTS_DIR}/SVProgressHUD/SVProgressHUD.framework",
				"${BUILT_PRODUCTS_DIR}/SwiftyJSON/SwiftyJSON.framework",
			);
			name = "[CP] Embed Pods Frameworks";
			outputPaths = (
				"${TARGET_BUILD_DIR}/${FRAMEWORKS_FOLDER_PATH}/Alamofire.framework",
				"${TARGET_BUILD_DIR}/${FRAMEWORKS_FOLDER_PATH}/SVProgressHUD.framework",
				"${TARGET_BUILD_DIR}/${FRAMEWORKS_FOLDER_PATH}/SwiftyJSON.framework",
			);
			runOnlyForDeploymentPostprocessing = 0;
			shellPath = /bin/sh;
			shellScript = "\"${SRCROOT}/Pods/Target Support Files/Pods-TheClima/Pods-TheClima-frameworks.sh\"\n";
			showEnvVarsInLog = 0;
		};
/* End PBXShellScriptBuildPhase section */

/* Begin PBXSourcesBuildPhase section */
		31E020491FF3F41100EDF57D /* Sources */ = {
			isa = PBXSourcesBuildPhase;
			buildActionMask = 2147483647;
			files = (
				31E020531FF3F41100EDF57D /* WeatherVC.swift in Sources */,
				31E020511FF3F41100EDF57D /* AppDelegate.swift in Sources */,
			);
			runOnlyForDeploymentPostprocessing = 0;
		};
/* End PBXSourcesBuildPhase section */

/* Begin PBXVariantGroup section */
		31E020541FF3F41100EDF57D /* Main.storyboard */ = {
			isa = PBXVariantGroup;
			children = (
				31E020551FF3F41100EDF57D /* Base */,
			);
			name = Main.storyboard;
			sourceTree = "<group>";
		};
		31E020591FF3F41100EDF57D /* LaunchScreen.storyboard */ = {
			isa = PBXVariantGroup;
			children = (
				31E0205A1FF3F41100EDF57D /* Base */,
			);
			name = LaunchScreen.storyboard;
			sourceTree = "<group>";
		};
/* End PBXVariantGroup section */

/* Begin XCBuildConfiguration section */
		31E0205D1FF3F41100EDF57D /* Debug */ = {
			isa = XCBuildConfiguration;
			buildSettings = {
				ALWAYS_SEARCH_USER_PATHS = NO;
				CLANG_ANALYZER_NONNULL = YES;
				CLANG_ANALYZER_NUMBER_OBJECT_CONVERSION = YES_AGGRESSIVE;
				CLANG_CXX_LANGUAGE_STANDARD = "gnu++14";
				CLANG_CXX_LIBRARY = "libc++";
				CLANG_ENABLE_MODULES = YES;
				CLANG_ENABLE_OBJC_ARC = YES;
				CLANG_WARN_BLOCK_CAPTURE_AUTORELEASING = YES;
				CLANG_WARN_BOOL_CONVERSION = YES;
				CLANG_WARN_COMMA = YES;
				CLANG_WARN_CONSTANT_CONVERSION = YES;
				CLANG_WARN_DIRECT_OBJC_ISA_USAGE = YES_ERROR;
				CLANG_WARN_DOCUMENTATION_COMMENTS = YES;
				CLANG_WARN_EMPTY_BODY = YES;
				CLANG_WARN_ENUM_CONVERSION = YES;
				CLANG_WARN_INFINITE_RECURSION = YES;
				CLANG_WARN_INT_CONVERSION = YES;
				CLANG_WARN_NON_LITERAL_NULL_CONVERSION = YES;
				CLANG_WARN_OBJC_LITERAL_CONVERSION = YES;
				CLANG_WARN_OBJC_ROOT_CLASS = YES_ERROR;
				CLANG_WARN_RANGE_LOOP_ANALYSIS = YES;
				CLANG_WARN_STRICT_PROTOTYPES = YES;
				CLANG_WARN_SUSPICIOUS_MOVE = YES;
				CLANG_WARN_UNGUARDED_AVAILABILITY = YES_AGGRESSIVE;
				CLANG_WARN_UNREACHABLE_CODE = YES;
				CLANG_WARN__DUPLICATE_METHOD_MATCH = YES;
				CODE_SIGN_IDENTITY = "iPhone Developer";
				COPY_PHASE_STRIP = NO;
				DEBUG_INFORMATION_FORMAT = dwarf;
				ENABLE_STRICT_OBJC_MSGSEND = YES;
				ENABLE_TESTABILITY = YES;
				GCC_C_LANGUAGE_STANDARD = gnu11;
				GCC_DYNAMIC_NO_PIC = NO;
				GCC_NO_COMMON_BLOCKS = YES;
				GCC_OPTIMIZATION_LEVEL = 0;
				GCC_PREPROCESSOR_DEFINITIONS = (
					"DEBUG=1",
					"$(inherited)",
				);
				GCC_WARN_64_TO_32_BIT_CONVERSION = YES;
				GCC_WARN_ABOUT_RETURN_TYPE = YES_ERROR;
				GCC_WARN_UNDECLARED_SELECTOR = YES;
				GCC_WARN_UNINITIALIZED_AUTOS = YES_AGGRESSIVE;
				GCC_WARN_UNUSED_FUNCTION = YES;
				GCC_WARN_UNUSED_VARIABLE = YES;
				IPHONEOS_DEPLOYMENT_TARGET = 11.2;
				MTL_ENABLE_DEBUG_INFO = YES;
				ONLY_ACTIVE_ARCH = YES;
				SDKROOT = iphoneos;
				SWIFT_ACTIVE_COMPILATION_CONDITIONS = DEBUG;
				SWIFT_OPTIMIZATION_LEVEL = "-Onone";
			};
			name = Debug;
		};
		31E0205E1FF3F41100EDF57D /* Release */ = {
			isa = XCBuildConfiguration;
			buildSettings = {
				ALWAYS_SEARCH_USER_PATHS = NO;
				CLANG_ANALYZER_NONNULL = YES;
				CLANG_ANALYZER_NUMBER_OBJECT_CONVERSION = YES_AGGRESSIVE;
				CLANG_CXX_LANGUAGE_STANDARD = "gnu++14";
				CLANG_CXX_LIBRARY = "libc++";
				CLANG_ENABLE_MODULES = YES;
				CLANG_ENABLE_OBJC_ARC = YES;
				CLANG_WARN_BLOCK_CAPTURE_AUTORELEASING = YES;
				CLANG_WARN_BOOL_CONVERSION = YES;
				CLANG_WARN_COMMA = YES;
				CLANG_WARN_CONSTANT_CONVERSION = YES;
				CLANG_WARN_DIRECT_OBJC_ISA_USAGE = YES_ERROR;
				CLANG_WARN_DOCUMENTATION_COMMENTS = YES;
				CLANG_WARN_EMPTY_BODY = YES;
				CLANG_WARN_ENUM_CONVERSION = YES;
				CLANG_WARN_INFINITE_RECURSION = YES;
				CLANG_WARN_INT_CONVERSION = YES;
				CLANG_WARN_NON_LITERAL_NULL_CONVERSION = YES;
				CLANG_WARN_OBJC_LITERAL_CONVERSION = YES;
				CLANG_WARN_OBJC_ROOT_CLASS = YES_ERROR;
				CLANG_WARN_RANGE_LOOP_ANALYSIS = YES;
				CLANG_WARN_STRICT_PROTOTYPES = YES;
				CLANG_WARN_SUSPICIOUS_MOVE = YES;
				CLANG_WARN_UNGUARDED_AVAILABILITY = YES_AGGRESSIVE;
				CLANG_WARN_UNREACHABLE_CODE = YES;
				CLANG_WARN__DUPLICATE_METHOD_MATCH = YES;
				CODE_SIGN_IDENTITY = "iPhone Developer";
				COPY_PHASE_STRIP = NO;
				DEBUG_INFORMATION_FORMAT = "dwarf-with-dsym";
				ENABLE_NS_ASSERTIONS = NO;
				ENABLE_STRICT_OBJC_MSGSEND = YES;
				GCC_C_LANGUAGE_STANDARD = gnu11;
				GCC_NO_COMMON_BLOCKS = YES;
				GCC_WARN_64_TO_32_BIT_CONVERSION = YES;
				GCC_WARN_ABOUT_RETURN_TYPE = YES_ERROR;
				GCC_WARN_UNDECLARED_SELECTOR = YES;
				GCC_WARN_UNINITIALIZED_AUTOS = YES_AGGRESSIVE;
				GCC_WARN_UNUSED_FUNCTION = YES;
				GCC_WARN_UNUSED_VARIABLE = YES;
				IPHONEOS_DEPLOYMENT_TARGET = 11.2;
				MTL_ENABLE_DEBUG_INFO = NO;
				SDKROOT = iphoneos;
				SWIFT_OPTIMIZATION_LEVEL = "-Owholemodule";
				VALIDATE_PRODUCT = YES;
			};
			name = Release;
		};
		31E020601FF3F41100EDF57D /* Debug */ = {
			isa = XCBuildConfiguration;
			baseConfigurationReference = 6FECD21D8B8D99507A64AC12 /* Pods-TheClima.debug.xcconfig */;
			buildSettings = {
				ASSETCATALOG_COMPILER_APPICON_NAME = AppIcon;
				CODE_SIGN_STYLE = Automatic;
				DEVELOPMENT_TEAM = ER6BYU52Q5;
				INFOPLIST_FILE = TheClima/Info.plist;
				LD_RUNPATH_SEARCH_PATHS = "$(inherited) @executable_path/Frameworks";
				PRODUCT_BUNDLE_IDENTIFIER = com.gerson.lcc.TheClima;
				PRODUCT_NAME = "$(TARGET_NAME)";
				SWIFT_VERSION = 4.0;
				TARGETED_DEVICE_FAMILY = "1,2";
			};
			name = Debug;
		};
		31E020611FF3F41100EDF57D /* Release */ = {
			isa = XCBuildConfiguration;
			baseConfigurationReference = BAC8A1CE4C92DBF096859090 /* Pods-TheClima.release.xcconfig */;
			buildSettings = {
				ASSETCATALOG_COMPILER_APPICON_NAME = AppIcon;
				CODE_SIGN_STYLE = Automatic;
				DEVELOPMENT_TEAM = ER6BYU52Q5;
				INFOPLIST_FILE = TheClima/Info.plist;
				LD_RUNPATH_SEARCH_PATHS = "$(inherited) @executable_path/Frameworks";
				PRODUCT_BUNDLE_IDENTIFIER = com.gerson.lcc.TheClima;
				PRODUCT_NAME = "$(TARGET_NAME)";
				SWIFT_VERSION = 4.0;
				TARGETED_DEVICE_FAMILY = "1,2";
			};
			name = Release;
		};
/* End XCBuildConfiguration section */

/* Begin XCConfigurationList section */
		31E020481FF3F41100EDF57D /* Build configuration list for PBXProject "TheClima" */ = {
			isa = XCConfigurationList;
			buildConfigurations = (
				31E0205D1FF3F41100EDF57D /* Debug */,
				31E0205E1FF3F41100EDF57D /* Release */,
			);
			defaultConfigurationIsVisible = 0;
			defaultConfigurationName = Release;
		};
		31E0205F1FF3F41100EDF57D /* Build configuration list for PBXNativeTarget "TheClima" */ = {
			isa = XCConfigurationList;
			buildConfigurations = (
				31E020601FF3F41100EDF57D /* Debug */,
				31E020611FF3F41100EDF57D /* Release */,
			);
			defaultConfigurationIsVisible = 0;
			defaultConfigurationName = Release;
		};
/* End XCConfigurationList section */
	};
	rootObject = 31E020451FF3F41100EDF57D /* Project object */;
}
